
Microsoft Visual Studio Solution File, Format Version 12.00
# Visual Studio 15
VisualStudioVersion = 15.0.28307.852
MinimumVisualStudioVersion = 10.0.40219.1
Project("{FAE04EC0-301F-11D3-BF4B-00C04F79EFBC}") = "Operaciones Matematicos", "Operaciones Matematicos\Operaciones Matematicos.csproj", "{74E4CBF4-0CCE-4EC1-9FE6-D11C1FBC6A07}"
EndProject
Global
	GlobalSection(SolutionConfigurationPlatforms) = preSolution
		Debug|Any CPU = Debug|Any CPU
		Release|Any CPU = Release|Any CPU
	EndGlobalSection
	GlobalSection(ProjectConfigurationPlatforms) = postSolution
		{74E4CBF4-0CCE-4EC1-9FE6-D11C1FBC6A07}.Debug|Any CPU.ActiveCfg = Debug|Any CPU
		{74E4CBF4-0CCE-4EC1-9FE6-D11C1FBC6A07}.Debug|Any CPU.Build.0 = Debug|Any CPU
		{74E4CBF4-0CCE-4EC1-9FE6-D11C1FBC6A07}.Release|Any CPU.ActiveCfg = Release|Any CPU
		{74E4CBF4-0CCE-4EC1-9FE6-D11C1FBC6A07}.Release|Any CPU.Build.0 = Release|Any CPU
	EndGlobalSection
	GlobalSection(SolutionProperties) = preSolution
		HideSolutionNode = FALSE
	EndGlobalSection
	GlobalSection(ExtensibilityGlobals) = postSolution
		SolutionGuid = {DCCEED52-B274-4C22-953D-C14C285F1F0B}
	EndGlobalSection
EndGlobal
